
Microsoft Visual Studio Solution File, Format Version 12.00
# Visual Studio Version 16
VisualStudioVersion = 16.0.30907.101
MinimumVisualStudioVersion = 10.0.40219.1
Project("{FAE04EC0-301F-11D3-BF4B-00C04F79EFBC}") = "Data Drivenn Test With Selenium", "Data Drivenn Test With Selenium\Data Drivenn Test With Selenium.csproj", "{556598FB-56DF-435A-AD45-3567DA2CAC9D}"
EndProject
Global
	GlobalSection(SolutionConfigurationPlatforms) = preSolution
		Debug|Any CPU = Debug|Any CPU
		Release|Any CPU = Release|Any CPU
	EndGlobalSection
	GlobalSection(ProjectConfigurationPlatforms) = postSolution
		{556598FB-56DF-435A-AD45-3567DA2CAC9D}.Debug|Any CPU.ActiveCfg = Debug|Any CPU
		{556598FB-56DF-435A-AD45-3567DA2CAC9D}.Debug|Any CPU.Build.0 = Debug|Any CPU
		{556598FB-56DF-435A-AD45-3567DA2CAC9D}.Release|Any CPU.ActiveCfg = Release|Any CPU
		{556598FB-56DF-435A-AD45-3567DA2CAC9D}.Release|Any CPU.Build.0 = Release|Any CPU
	EndGlobalSection
	GlobalSection(SolutionProperties) = preSolution
		HideSolutionNode = FALSE
	EndGlobalSection
	GlobalSection(ExtensibilityGlobals) = postSolution
		SolutionGuid = {E93021DD-D441-4A92-A239-A89E1EBCE29E}
	EndGlobalSection
EndGlobal
